
Microsoft Visual Studio Solution File, Format Version 12.00
# Visual Studio Version 17
VisualStudioVersion = 17.0.32112.339
MinimumVisualStudioVersion = 10.0.40219.1
Project("{FAE04EC0-301F-11D3-BF4B-00C04F79EFBC}") = "wd2d2StaticClassApp", "wd2d2StaticClassApp\wd2d2StaticClassApp.csproj", "{408FA078-C294-402C-8F25-3ACC0CC906AB}"
EndProject
Global
	GlobalSection(SolutionConfigurationPlatforms) = preSolution
		Debug|Any CPU = Debug|Any CPU
		Release|Any CPU = Release|Any CPU
	EndGlobalSection
	GlobalSection(ProjectConfigurationPlatforms) = postSolution
		{408FA078-C294-402C-8F25-3ACC0CC906AB}.Debug|Any CPU.ActiveCfg = Debug|Any CPU
		{408FA078-C294-402C-8F25-3ACC0CC906AB}.Debug|Any CPU.Build.0 = Debug|Any CPU
		{408FA078-C294-402C-8F25-3ACC0CC906AB}.Release|Any CPU.ActiveCfg = Release|Any CPU
		{408FA078-C294-402C-8F25-3ACC0CC906AB}.Release|Any CPU.Build.0 = Release|Any CPU
	EndGlobalSection
	GlobalSection(SolutionProperties) = preSolution
		HideSolutionNode = FALSE
	EndGlobalSection
	GlobalSection(ExtensibilityGlobals) = postSolution
		SolutionGuid = {2F4ACCBF-DBA1-4E04-B71D-3428869AD4F8}
	EndGlobalSection
EndGlobal
